
Microsoft Visual Studio Solution File, Format Version 12.00
# Visual Studio Version 16
VisualStudioVersion = 16.0.30011.22
MinimumVisualStudioVersion = 10.0.40219.1
Project("{FAE04EC0-301F-11D3-BF4B-00C04F79EFBC}") = "DoubleKPhoneShop", "DoubleKPhoneShop\DoubleKPhoneShop.csproj", "{7928DEF9-8E83-44D1-A11B-21C7759426B7}"
EndProject
Global
	GlobalSection(SolutionConfigurationPlatforms) = preSolution
		Debug|Any CPU = Debug|Any CPU
		Release|Any CPU = Release|Any CPU
	EndGlobalSection
	GlobalSection(ProjectConfigurationPlatforms) = postSolution
		{7928DEF9-8E83-44D1-A11B-21C7759426B7}.Debug|Any CPU.ActiveCfg = Debug|Any CPU
		{7928DEF9-8E83-44D1-A11B-21C7759426B7}.Debug|Any CPU.Build.0 = Debug|Any CPU
		{7928DEF9-8E83-44D1-A11B-21C7759426B7}.Release|Any CPU.ActiveCfg = Release|Any CPU
		{7928DEF9-8E83-44D1-A11B-21C7759426B7}.Release|Any CPU.Build.0 = Release|Any CPU
	EndGlobalSection
	GlobalSection(SolutionProperties) = preSolution
		HideSolutionNode = FALSE
	EndGlobalSection
	GlobalSection(ExtensibilityGlobals) = postSolution
		SolutionGuid = {D64A72AA-AF5E-4D53-AA8F-2C0D8E15AA4D}
	EndGlobalSection
EndGlobal
